
Microsoft Visual Studio Solution File, Format Version 12.00
# Visual Studio 14
VisualStudioVersion = 14.0.25420.1
MinimumVisualStudioVersion = 10.0.40219.1
Project("{FAE04EC0-301F-11D3-BF4B-00C04F79EFBC}") = "RequireWorkItemsInCommitMessages", "RequireWorkItemInCommitMessages\RequireWorkItemsInCommitMessages.csproj", "{AC4B2984-E0A9-466E-B481-105452AADDF8}"
EndProject
Project("{FAE04EC0-301F-11D3-BF4B-00C04F79EFBC}") = "RequireWorkItemsInCommitMessages.UnitTests", "RequireWorkItemsInCommitMessages.UnitTests\RequireWorkItemsInCommitMessages.UnitTests.csproj", "{BEECCCCB-C22D-4A69-8FF5-C0F9ADB56C05}"
EndProject
Global
	GlobalSection(SolutionConfigurationPlatforms) = preSolution
		Debug|Any CPU = Debug|Any CPU
		Release|Any CPU = Release|Any CPU
	EndGlobalSection
	GlobalSection(ProjectConfigurationPlatforms) = postSolution
		{AC4B2984-E0A9-466E-B481-105452AADDF8}.Debug|Any CPU.ActiveCfg = Debug|Any CPU
		{AC4B2984-E0A9-466E-B481-105452AADDF8}.Debug|Any CPU.Build.0 = Debug|Any CPU
		{AC4B2984-E0A9-466E-B481-105452AADDF8}.Release|Any CPU.ActiveCfg = Release|Any CPU
		{AC4B2984-E0A9-466E-B481-105452AADDF8}.Release|Any CPU.Build.0 = Release|Any CPU
		{BEECCCCB-C22D-4A69-8FF5-C0F9ADB56C05}.Debug|Any CPU.ActiveCfg = Debug|Any CPU
		{BEECCCCB-C22D-4A69-8FF5-C0F9ADB56C05}.Debug|Any CPU.Build.0 = Debug|Any CPU
		{BEECCCCB-C22D-4A69-8FF5-C0F9ADB56C05}.Release|Any CPU.ActiveCfg = Release|Any CPU
		{BEECCCCB-C22D-4A69-8FF5-C0F9ADB56C05}.Release|Any CPU.Build.0 = Release|Any CPU
	EndGlobalSection
	GlobalSection(SolutionProperties) = preSolution
		HideSolutionNode = FALSE
	EndGlobalSection
EndGlobal
